
Microsoft Visual Studio Solution File, Format Version 12.00
Project("{FAE04EC0-301F-11D3-BF4B-00C04F79EFBC}") = "Redisboard.NET", "Redisboard.NET\Redisboard.NET.csproj", "{8DBD07D8-D9E5-40A2-8D84-50EAB0C3A1CC}"
EndProject
Project("{FAE04EC0-301F-11D3-BF4B-00C04F79EFBC}") = "Redisboard.NET.DemoAPI", "Redisboard.NET.DemoAPI\Redisboard.NET.DemoAPI.csproj", "{7649F434-263E-4501-9089-E1DDBB15B1BE}"
EndProject
Project("{FAE04EC0-301F-11D3-BF4B-00C04F79EFBC}") = "Redisboard.NET.Tests", "Redisboard.NET.Tests\Redisboard.NET.Tests.csproj", "{4A693040-5C4F-4D52-BD89-F7AFFDF3BE75}"
EndProject
Project("{FAE04EC0-301F-11D3-BF4B-00C04F79EFBC}") = "Redisboard.NET.Extensions", "Redisboard.NET.Extensions\Redisboard.NET.Extensions.csproj", "{E06205FF-7272-4082-B80E-E2168F5164FB}"
EndProject
Project("{FAE04EC0-301F-11D3-BF4B-00C04F79EFBC}") = "Redisboard.NET.Benchmarks", "Redisboard.NET.Benchmarks\Redisboard.NET.Benchmarks.csproj", "{F3CE69D1-A94B-4BBC-A3AF-03D0EA6C507E}"
EndProject
Project("{FAE04EC0-301F-11D3-BF4B-00C04F79EFBC}") = "Redisboard.NET.Common", "Redisboard.NET.Common\Redisboard.NET.Common.csproj", "{F67E425C-EC4C-4C94-BBA0-0FB13F82FA65}"
EndProject
Global
	GlobalSection(SolutionConfigurationPlatforms) = preSolution
		Debug|Any CPU = Debug|Any CPU
		Release|Any CPU = Release|Any CPU
	EndGlobalSection
	GlobalSection(ProjectConfigurationPlatforms) = postSolution
		{8DBD07D8-D9E5-40A2-8D84-50EAB0C3A1CC}.Debug|Any CPU.ActiveCfg = Debug|Any CPU
		{8DBD07D8-D9E5-40A2-8D84-50EAB0C3A1CC}.Debug|Any CPU.Build.0 = Debug|Any CPU
		{8DBD07D8-D9E5-40A2-8D84-50EAB0C3A1CC}.Release|Any CPU.ActiveCfg = Release|Any CPU
		{8DBD07D8-D9E5-40A2-8D84-50EAB0C3A1CC}.Release|Any CPU.Build.0 = Release|Any CPU
		{7649F434-263E-4501-9089-E1DDBB15B1BE}.Debug|Any CPU.ActiveCfg = Debug|Any CPU
		{7649F434-263E-4501-9089-E1DDBB15B1BE}.Debug|Any CPU.Build.0 = Debug|Any CPU
		{7649F434-263E-4501-9089-E1DDBB15B1BE}.Release|Any CPU.ActiveCfg = Release|Any CPU
		{7649F434-263E-4501-9089-E1DDBB15B1BE}.Release|Any CPU.Build.0 = Release|Any CPU
		{4A693040-5C4F-4D52-BD89-F7AFFDF3BE75}.Debug|Any CPU.ActiveCfg = Debug|Any CPU
		{4A693040-5C4F-4D52-BD89-F7AFFDF3BE75}.Debug|Any CPU.Build.0 = Debug|Any CPU
		{4A693040-5C4F-4D52-BD89-F7AFFDF3BE75}.Release|Any CPU.ActiveCfg = Release|Any CPU
		{4A693040-5C4F-4D52-BD89-F7AFFDF3BE75}.Release|Any CPU.Build.0 = Release|Any CPU
		{E06205FF-7272-4082-B80E-E2168F5164FB}.Debug|Any CPU.ActiveCfg = Debug|Any CPU
		{E06205FF-7272-4082-B80E-E2168F5164FB}.Debug|Any CPU.Build.0 = Debug|Any CPU
		{E06205FF-7272-4082-B80E-E2168F5164FB}.Release|Any CPU.ActiveCfg = Release|Any CPU
		{E06205FF-7272-4082-B80E-E2168F5164FB}.Release|Any CPU.Build.0 = Release|Any CPU
		{F3CE69D1-A94B-4BBC-A3AF-03D0EA6C507E}.Debug|Any CPU.ActiveCfg = Debug|Any CPU
		{F3CE69D1-A94B-4BBC-A3AF-03D0EA6C507E}.Debug|Any CPU.Build.0 = Debug|Any CPU
		{F3CE69D1-A94B-4BBC-A3AF-03D0EA6C507E}.Release|Any CPU.ActiveCfg = Release|Any CPU
		{F3CE69D1-A94B-4BBC-A3AF-03D0EA6C507E}.Release|Any CPU.Build.0 = Release|Any CPU
		{F67E425C-EC4C-4C94-BBA0-0FB13F82FA65}.Debug|Any CPU.ActiveCfg = Debug|Any CPU
		{F67E425C-EC4C-4C94-BBA0-0FB13F82FA65}.Debug|Any CPU.Build.0 = Debug|Any CPU
		{F67E425C-EC4C-4C94-BBA0-0FB13F82FA65}.Release|Any CPU.ActiveCfg = Release|Any CPU
		{F67E425C-EC4C-4C94-BBA0-0FB13F82FA65}.Release|Any CPU.Build.0 = Release|Any CPU
	EndGlobalSection
EndGlobal
